{
  "name": "sfa-asmlift-tools",
  "lockfileVersion": 3,
  "requires": true,
  "packages": {
    "": {
      "name": "sfa-asmlift-tools",
      "dependencies": {
        "@asmlift/cli": "0.8.1"
      }
    },
    "node_modules/@asmlift/cli": {
      "version": "0.8.1",
      "resolved": "https://registry.npmjs.org/@asmlift/cli/-/cli-0.8.1.tgz",
      "integrity": "sha512-Fr1JbfU/LaWQunyjeTCDyvB5Z669iJaxyEDqpL2hxFGtTD4nsGk4fiEcP7pMPeqZ1qvRkX2SA7YKh0J0E6GJiw==",
      "license": "MIT",
      "dependencies": {
        "@asmlift/core": "^0.8.1",
        "@gba-kit/debug-info": "^0.5.0",
        "objdiff-wasm": "3.8.1",
        "yaml": "^2.9.0"
      },
      "bin": {
        "asmlift": "dist/asmlift.mjs"
      }
    },
    "node_modules/@asmlift/core": {
      "version": "0.8.1",
      "resolved": "https://registry.npmjs.org/@asmlift/core/-/core-0.8.1.tgz",
      "integrity": "sha512-aOwRhhoFXKkK5BC6zv7zFC+ngqAqqFPHd3nPvF43rPhGmK5HUoRwEPFuCWtI9oc+0plaANoko+PvCFeoyHGufg==",
      "license": "MIT"
    },
    "node_modules/@gba-kit/debug-info": {
      "version": "0.5.0",
      "resolved": "https://registry.npmjs.org/@gba-kit/debug-info/-/debug-info-0.5.0.tgz",
      "integrity": "sha512-VxSCtktC5+AEEPtZsKCXx+gXkPtjvVJhV74ZTsN+KdiChs5Ys+8xc+LB7eAHIhdD4dIqCHRseA6OIplcAjs5EQ==",
      "license": "MIT"
    },
    "node_modules/objdiff-wasm": {
      "version": "3.8.1",
      "resolved": "https://registry.npmjs.org/objdiff-wasm/-/objdiff-wasm-3.8.1.tgz",
      "integrity": "sha512-qrPEvEltuYtvjqkCT3YbttzUFPfKqPJw4xNMQLwuyKNwpNxV0i9RJLbozzJ0LDJ5HEocmkoqHchSrGHszS+KUw==",
      "license": "MIT OR Apache-2.0"
    },
    "node_modules/yaml": {
      "version": "2.9.1",
      "resolved": "https://registry.npmjs.org/yaml/-/yaml-2.9.1.tgz",
      "integrity": "sha512-3NxN8+78OdzbT7C/WjGsyfPAtJaN3FNDsWxv7Y7mcDsT/oOmgW8BpyQQFFBnvZE3j9Y2Sdz1ULFLezL7Eb2yFw==",
      "license": "ISC",
      "bin": {
        "yaml": "bin.mjs"
      },
      "engines": {
        "node": ">= 14.6"
      },
      "funding": {
        "url": "https://github.com/sponsors/eemeli"
      }
    }
  }
}
